
Microsoft Visual Studio Solution File, Format Version 12.00
# Visual Studio 15
VisualStudioVersion = 15.0.28010.2050
MinimumVisualStudioVersion = 10.0.40219.1
Project("{FAE04EC0-301F-11D3-BF4B-00C04F79EFBC}") = "2dv610-TDD", "2dv610-TDD\2dv610-TDD.csproj", "{4CDCB5D9-B7B2-4F39-8BB1-DBA93FAB21D7}"
EndProject
Project("{FAE04EC0-301F-11D3-BF4B-00C04F79EFBC}") = "XUnitTest", "XUnitTest\XUnitTest.csproj", "{570B359C-17AB-42AE-A4C3-03574F25F08A}"
EndProject
Global
	GlobalSection(SolutionConfigurationPlatforms) = preSolution
		Debug|Any CPU = Debug|Any CPU
		Release|Any CPU = Release|Any CPU
	EndGlobalSection
	GlobalSection(ProjectConfigurationPlatforms) = postSolution
		{4CDCB5D9-B7B2-4F39-8BB1-DBA93FAB21D7}.Debug|Any CPU.ActiveCfg = Debug|Any CPU
		{4CDCB5D9-B7B2-4F39-8BB1-DBA93FAB21D7}.Debug|Any CPU.Build.0 = Debug|Any CPU
		{4CDCB5D9-B7B2-4F39-8BB1-DBA93FAB21D7}.Release|Any CPU.ActiveCfg = Release|Any CPU
		{4CDCB5D9-B7B2-4F39-8BB1-DBA93FAB21D7}.Release|Any CPU.Build.0 = Release|Any CPU
		{570B359C-17AB-42AE-A4C3-03574F25F08A}.Debug|Any CPU.ActiveCfg = Debug|Any CPU
		{570B359C-17AB-42AE-A4C3-03574F25F08A}.Debug|Any CPU.Build.0 = Debug|Any CPU
		{570B359C-17AB-42AE-A4C3-03574F25F08A}.Release|Any CPU.ActiveCfg = Release|Any CPU
		{570B359C-17AB-42AE-A4C3-03574F25F08A}.Release|Any CPU.Build.0 = Release|Any CPU
	EndGlobalSection
	GlobalSection(SolutionProperties) = preSolution
		HideSolutionNode = FALSE
	EndGlobalSection
	GlobalSection(ExtensibilityGlobals) = postSolution
		SolutionGuid = {53D5DB0B-2B6F-4AE2-9991-AA362477297F}
	EndGlobalSection
EndGlobal
